
Microsoft Visual Studio Solution File, Format Version 12.00
# Visual Studio Version 16
VisualStudioVersion = 16.0.30804.86
MinimumVisualStudioVersion = 10.0.40219.1
Project("{FAE04EC0-301F-11D3-BF4B-00C04F79EFBC}") = "TestUngDung", "TestUngDung\TestUngDung.csproj", "{DFFDCEA1-6F86-464B-B96F-CAD0D2DCB455}"
EndProject
Project("{FAE04EC0-301F-11D3-BF4B-00C04F79EFBC}") = "ModelEF", "ModelEF\ModelEF.csproj", "{FA20B91A-65EE-4608-9F98-D7C5DC93C35F}"
EndProject
Project("{FAE04EC0-301F-11D3-BF4B-00C04F79EFBC}") = "Common", "Common\Common.csproj", "{837BC88E-395D-4F93-AEE2-0B5B4EBF3218}"
EndProject
Global
	GlobalSection(SolutionConfigurationPlatforms) = preSolution
		Debug|Any CPU = Debug|Any CPU
		Release|Any CPU = Release|Any CPU
	EndGlobalSection
	GlobalSection(ProjectConfigurationPlatforms) = postSolution
		{DFFDCEA1-6F86-464B-B96F-CAD0D2DCB455}.Debug|Any CPU.ActiveCfg = Debug|Any CPU
		{DFFDCEA1-6F86-464B-B96F-CAD0D2DCB455}.Debug|Any CPU.Build.0 = Debug|Any CPU
		{DFFDCEA1-6F86-464B-B96F-CAD0D2DCB455}.Release|Any CPU.ActiveCfg = Release|Any CPU
		{DFFDCEA1-6F86-464B-B96F-CAD0D2DCB455}.Release|Any CPU.Build.0 = Release|Any CPU
		{FA20B91A-65EE-4608-9F98-D7C5DC93C35F}.Debug|Any CPU.ActiveCfg = Debug|Any CPU
		{FA20B91A-65EE-4608-9F98-D7C5DC93C35F}.Debug|Any CPU.Build.0 = Debug|Any CPU
		{FA20B91A-65EE-4608-9F98-D7C5DC93C35F}.Release|Any CPU.ActiveCfg = Release|Any CPU
		{FA20B91A-65EE-4608-9F98-D7C5DC93C35F}.Release|Any CPU.Build.0 = Release|Any CPU
		{837BC88E-395D-4F93-AEE2-0B5B4EBF3218}.Debug|Any CPU.ActiveCfg = Debug|Any CPU
		{837BC88E-395D-4F93-AEE2-0B5B4EBF3218}.Debug|Any CPU.Build.0 = Debug|Any CPU
		{837BC88E-395D-4F93-AEE2-0B5B4EBF3218}.Release|Any CPU.ActiveCfg = Release|Any CPU
		{837BC88E-395D-4F93-AEE2-0B5B4EBF3218}.Release|Any CPU.Build.0 = Release|Any CPU
	EndGlobalSection
	GlobalSection(SolutionProperties) = preSolution
		HideSolutionNode = FALSE
	EndGlobalSection
	GlobalSection(ExtensibilityGlobals) = postSolution
		SolutionGuid = {B23FF686-DF4D-477B-B69F-457C4A09DD5D}
	EndGlobalSection
EndGlobal
